
Microsoft Visual Studio Solution File, Format Version 12.00
# Visual Studio 14
VisualStudioVersion = 14.0.25420.1
MinimumVisualStudioVersion = 10.0.40219.1
Project("{FAE04EC0-301F-11D3-BF4B-00C04F79EFBC}") = "WPFSample-UI", "WPFSample\WPFSample-UI.csproj", "{43F5F905-5091-4956-99CA-0FF240801C99}"
EndProject
Project("{FAE04EC0-301F-11D3-BF4B-00C04F79EFBC}") = "WPFSample-BL", "WPFSample-BL\WPFSample-BL.csproj", "{C763B15A-56CC-474E-A6A1-1EC15ED017B1}"
EndProject
Project("{FAE04EC0-301F-11D3-BF4B-00C04F79EFBC}") = "WPFSample-DAL", "WPFSample-DAL\WPFSample-DAL.csproj", "{6092AF47-D906-4024-BB80-67EDB109A702}"
EndProject
Project("{FAE04EC0-301F-11D3-BF4B-00C04F79EFBC}") = "WPFSample-ENT", "WPFSample-ENT\WPFSample-ENT.csproj", "{590D3DC9-13AD-48BA-B652-1C55794514D5}"
EndProject
Global
	GlobalSection(SolutionConfigurationPlatforms) = preSolution
		Debug|Any CPU = Debug|Any CPU
		Release|Any CPU = Release|Any CPU
	EndGlobalSection
	GlobalSection(ProjectConfigurationPlatforms) = postSolution
		{43F5F905-5091-4956-99CA-0FF240801C99}.Debug|Any CPU.ActiveCfg = Debug|Any CPU
		{43F5F905-5091-4956-99CA-0FF240801C99}.Debug|Any CPU.Build.0 = Debug|Any CPU
		{43F5F905-5091-4956-99CA-0FF240801C99}.Release|Any CPU.ActiveCfg = Release|Any CPU
		{43F5F905-5091-4956-99CA-0FF240801C99}.Release|Any CPU.Build.0 = Release|Any CPU
		{C763B15A-56CC-474E-A6A1-1EC15ED017B1}.Debug|Any CPU.ActiveCfg = Debug|Any CPU
		{C763B15A-56CC-474E-A6A1-1EC15ED017B1}.Debug|Any CPU.Build.0 = Debug|Any CPU
		{C763B15A-56CC-474E-A6A1-1EC15ED017B1}.Release|Any CPU.ActiveCfg = Release|Any CPU
		{C763B15A-56CC-474E-A6A1-1EC15ED017B1}.Release|Any CPU.Build.0 = Release|Any CPU
		{6092AF47-D906-4024-BB80-67EDB109A702}.Debug|Any CPU.ActiveCfg = Debug|Any CPU
		{6092AF47-D906-4024-BB80-67EDB109A702}.Debug|Any CPU.Build.0 = Debug|Any CPU
		{6092AF47-D906-4024-BB80-67EDB109A702}.Release|Any CPU.ActiveCfg = Release|Any CPU
		{6092AF47-D906-4024-BB80-67EDB109A702}.Release|Any CPU.Build.0 = Release|Any CPU
		{590D3DC9-13AD-48BA-B652-1C55794514D5}.Debug|Any CPU.ActiveCfg = Debug|Any CPU
		{590D3DC9-13AD-48BA-B652-1C55794514D5}.Debug|Any CPU.Build.0 = Debug|Any CPU
		{590D3DC9-13AD-48BA-B652-1C55794514D5}.Release|Any CPU.ActiveCfg = Release|Any CPU
		{590D3DC9-13AD-48BA-B652-1C55794514D5}.Release|Any CPU.Build.0 = Release|Any CPU
	EndGlobalSection
	GlobalSection(SolutionProperties) = preSolution
		HideSolutionNode = FALSE
	EndGlobalSection
EndGlobal
